
Microsoft Visual Studio Solution File, Format Version 12.00
# Visual Studio Version 17
VisualStudioVersion = 17.10.34928.147
MinimumVisualStudioVersion = 10.0.40219.1
Project("{FAE04EC0-301F-11D3-BF4B-00C04F79EFBC}") = "ProductionMES", "ProductionMES.csproj", "{F41E8C1B-9113-4493-B41E-AB351FBBFBB8}"
EndProject
Project("{FAE04EC0-301F-11D3-BF4B-00C04F79EFBC}") = "ProductionMES.Core", "..\ProductionMES.Core\ProductionMES.Core.csproj", "{8BEAC0A4-5677-4936-ABBF-21EE3BBA88B6}"
EndProject
Project("{FAE04EC0-301F-11D3-BF4B-00C04F79EFBC}") = "ProductionMES.Infrastructure", "..\ProductionMES.Infrastructure\ProductionMES.Infrastructure.csproj", "{BF3EBB92-DFD8-4783-963F-F7976DC52B0F}"
EndProject
Project("{FAE04EC0-301F-11D3-BF4B-00C04F79EFBC}") = "ProductionMES.Application", "..\ProductionMES.Application\ProductionMES.Application.csproj", "{5057515A-745E-467E-9187-8DB8297B3708}"
EndProject
Project("{FAE04EC0-301F-11D3-BF4B-00C04F79EFBC}") = "ProductionMES.UnitTest", "..\ProductionMES.Test\ProductionMES.UnitTest.csproj", "{FD19F072-A28D-457A-99BC-E86EA2A30DBE}"
EndProject
Global
	GlobalSection(SolutionConfigurationPlatforms) = preSolution
		Debug|Any CPU = Debug|Any CPU
		Release|Any CPU = Release|Any CPU
	EndGlobalSection
	GlobalSection(ProjectConfigurationPlatforms) = postSolution
		{F41E8C1B-9113-4493-B41E-AB351FBBFBB8}.Debug|Any CPU.ActiveCfg = Debug|Any CPU
		{F41E8C1B-9113-4493-B41E-AB351FBBFBB8}.Debug|Any CPU.Build.0 = Debug|Any CPU
		{F41E8C1B-9113-4493-B41E-AB351FBBFBB8}.Release|Any CPU.ActiveCfg = Release|Any CPU
		{F41E8C1B-9113-4493-B41E-AB351FBBFBB8}.Release|Any CPU.Build.0 = Release|Any CPU
		{8BEAC0A4-5677-4936-ABBF-21EE3BBA88B6}.Debug|Any CPU.ActiveCfg = Debug|Any CPU
		{8BEAC0A4-5677-4936-ABBF-21EE3BBA88B6}.Debug|Any CPU.Build.0 = Debug|Any CPU
		{8BEAC0A4-5677-4936-ABBF-21EE3BBA88B6}.Release|Any CPU.ActiveCfg = Release|Any CPU
		{8BEAC0A4-5677-4936-ABBF-21EE3BBA88B6}.Release|Any CPU.Build.0 = Release|Any CPU
		{BF3EBB92-DFD8-4783-963F-F7976DC52B0F}.Debug|Any CPU.ActiveCfg = Debug|Any CPU
		{BF3EBB92-DFD8-4783-963F-F7976DC52B0F}.Debug|Any CPU.Build.0 = Debug|Any CPU
		{BF3EBB92-DFD8-4783-963F-F7976DC52B0F}.Release|Any CPU.ActiveCfg = Release|Any CPU
		{BF3EBB92-DFD8-4783-963F-F7976DC52B0F}.Release|Any CPU.Build.0 = Release|Any CPU
		{5057515A-745E-467E-9187-8DB8297B3708}.Debug|Any CPU.ActiveCfg = Debug|Any CPU
		{5057515A-745E-467E-9187-8DB8297B3708}.Debug|Any CPU.Build.0 = Debug|Any CPU
		{5057515A-745E-467E-9187-8DB8297B3708}.Release|Any CPU.ActiveCfg = Release|Any CPU
		{5057515A-745E-467E-9187-8DB8297B3708}.Release|Any CPU.Build.0 = Release|Any CPU
		{FD19F072-A28D-457A-99BC-E86EA2A30DBE}.Debug|Any CPU.ActiveCfg = Debug|Any CPU
		{FD19F072-A28D-457A-99BC-E86EA2A30DBE}.Debug|Any CPU.Build.0 = Debug|Any CPU
		{FD19F072-A28D-457A-99BC-E86EA2A30DBE}.Release|Any CPU.ActiveCfg = Release|Any CPU
		{FD19F072-A28D-457A-99BC-E86EA2A30DBE}.Release|Any CPU.Build.0 = Release|Any CPU
	EndGlobalSection
	GlobalSection(SolutionProperties) = preSolution
		HideSolutionNode = FALSE
	EndGlobalSection
	GlobalSection(ExtensibilityGlobals) = postSolution
		SolutionGuid = {20228693-731D-4669-95B5-5BE3EDB4A3F8}
	EndGlobalSection
EndGlobal
